
Microsoft Visual Studio Solution File, Format Version 12.00
# Visual Studio Version 17
VisualStudioVersion = 17.9.34728.123
MinimumVisualStudioVersion = 10.0.40219.1
Project("{FAE04EC0-301F-11D3-BF4B-00C04F79EFBC}") = "FilmesDB", "FilmesDB\FilmesDB.csproj", "{61E6C677-BDB1-4421-B905-BC5054648276}"
EndProject
Global
	GlobalSection(SolutionConfigurationPlatforms) = preSolution
		Debug|Any CPU = Debug|Any CPU
		Release|Any CPU = Release|Any CPU
	EndGlobalSection
	GlobalSection(ProjectConfigurationPlatforms) = postSolution
		{61E6C677-BDB1-4421-B905-BC5054648276}.Debug|Any CPU.ActiveCfg = Debug|Any CPU
		{61E6C677-BDB1-4421-B905-BC5054648276}.Debug|Any CPU.Build.0 = Debug|Any CPU
		{61E6C677-BDB1-4421-B905-BC5054648276}.Release|Any CPU.ActiveCfg = Release|Any CPU
		{61E6C677-BDB1-4421-B905-BC5054648276}.Release|Any CPU.Build.0 = Release|Any CPU
	EndGlobalSection
	GlobalSection(SolutionProperties) = preSolution
		HideSolutionNode = FALSE
	EndGlobalSection
	GlobalSection(ExtensibilityGlobals) = postSolution
		SolutionGuid = {4AAA208E-0F27-4AD8-B8D9-0F412E616BDE}
	EndGlobalSection
EndGlobal
